// !$*UTF8*$!
{
	archiveVersion = 1;
	classes = {
	};
	objectVersion = 56;
	objects = {

/* Begin PBXBuildFile section */
		A10000000000000000000001 /* InsideOutApp.swift in Sources */ = {isa = PBXBuildFile; fileRef = B10000000000000000000001 /* InsideOutApp.swift */; };
		A10000000000000000000002 /* EventAnalysis.swift in Sources */ = {isa = PBXBuildFile; fileRef = B10000000000000000000002 /* EventAnalysis.swift */; };
		A10000000000000000000003 /* EventInterpreter.swift in Sources */ = {isa = PBXBuildFile; fileRef = B10000000000000000000003 /* EventInterpreter.swift */; };
		A10000000000000000000006 /* Theme.swift in Sources */ = {isa = PBXBuildFile; fileRef = B10000000000000000000006 /* Theme.swift */; };
		A10000000000000000000007 /* FigureView.swift in Sources */ = {isa = PBXBuildFile; fileRef = B10000000000000000000007 /* FigureView.swift */; };
		A10000000000000000000008 /* JournalViewModel.swift in Sources */ = {isa = PBXBuildFile; fileRef = B10000000000000000000008 /* JournalViewModel.swift */; };
		A10000000000000000000009 /* JournalView.swift in Sources */ = {isa = PBXBuildFile; fileRef = B10000000000000000000009 /* JournalView.swift */; };
		A10000000000000000000010 /* ResultOverlay.swift in Sources */ = {isa = PBXBuildFile; fileRef = B10000000000000000000010 /* ResultOverlay.swift */; };
		A10000000000000000000011 /* FiguresScreen.swift in Sources */ = {isa = PBXBuildFile; fileRef = B10000000000000000000011 /* FiguresScreen.swift */; };
		A10000000000000000000012 /* MemoriesScreen.swift in Sources */ = {isa = PBXBuildFile; fileRef = B10000000000000000000012 /* MemoriesScreen.swift */; };
		A10000000000000000000013 /* FigureState.swift in Sources */ = {isa = PBXBuildFile; fileRef = B10000000000000000000013 /* FigureState.swift */; };
/* End PBXBuildFile section */

/* Begin PBXFileReference section */
		B10000000000000000000000 /* InsideOutApp.app */ = {isa = PBXFileReference; explicitFileType = wrapper.application; includeInIndex = 0; path = InsideOutApp.app; sourceTree = BUILT_PRODUCTS_DIR; };
		B10000000000000000000001 /* InsideOutApp.swift */ = {isa = PBXFileReference; lastKnownFileType = sourcecode.swift; path = InsideOutApp.swift; sourceTree = "<group>"; };
		B10000000000000000000002 /* EventAnalysis.swift */ = {isa = PBXFileReference; lastKnownFileType = sourcecode.swift; path = EventAnalysis.swift; sourceTree = "<group>"; };
		B10000000000000000000003 /* EventInterpreter.swift */ = {isa = PBXFileReference; lastKnownFileType = sourcecode.swift; path = EventInterpreter.swift; sourceTree = "<group>"; };
		B10000000000000000000006 /* Theme.swift */ = {isa = PBXFileReference; lastKnownFileType = sourcecode.swift; path = Theme.swift; sourceTree = "<group>"; };
		B10000000000000000000007 /* FigureView.swift */ = {isa = PBXFileReference; lastKnownFileType = sourcecode.swift; path = FigureView.swift; sourceTree = "<group>"; };
		B10000000000000000000008 /* JournalViewModel.swift */ = {isa = PBXFileReference; lastKnownFileType = sourcecode.swift; path = JournalViewModel.swift; sourceTree = "<group>"; };
		B10000000000000000000009 /* JournalView.swift */ = {isa = PBXFileReference; lastKnownFileType = sourcecode.swift; path = JournalView.swift; sourceTree = "<group>"; };
		B10000000000000000000010 /* ResultOverlay.swift */ = {isa = PBXFileReference; lastKnownFileType = sourcecode.swift; path = ResultOverlay.swift; sourceTree = "<group>"; };
		B10000000000000000000011 /* FiguresScreen.swift */ = {isa = PBXFileReference; lastKnownFileType = sourcecode.swift; path = FiguresScreen.swift; sourceTree = "<group>"; };
		B10000000000000000000012 /* MemoriesScreen.swift */ = {isa = PBXFileReference; lastKnownFileType = sourcecode.swift; path = MemoriesScreen.swift; sourceTree = "<group>"; };
		B10000000000000000000013 /* FigureState.swift */ = {isa = PBXFileReference; lastKnownFileType = sourcecode.swift; path = FigureState.swift; sourceTree = "<group>"; };
/* End PBXFileReference section */

/* Begin PBXFrameworksBuildPhase section */
		C10000000000000000000001 /* Frameworks */ = {
			isa = PBXFrameworksBuildPhase;
			buildActionMask = 2147483647;
			files = (
			);
			runOnlyForDeploymentPostprocessing = 0;
		};
/* End PBXFrameworksBuildPhase section */

/* Begin PBXGroup section */
		D10000000000000000000000 = {
			isa = PBXGroup;
			children = (
				D10000000000000000000001 /* InsideOutApp */,
				D10000000000000000000006 /* Products */,
			);
			sourceTree = "<group>";
		};
		D10000000000000000000001 /* InsideOutApp */ = {
			isa = PBXGroup;
			children = (
				D10000000000000000000002 /* App */,
				D10000000000000000000003 /* Models */,
				D10000000000000000000004 /* Services */,
				D10000000000000000000005 /* Features */,
			);
			path = InsideOutApp;
			sourceTree = "<group>";
		};
		D10000000000000000000002 /* App */ = {
			isa = PBXGroup;
			children = (
				B10000000000000000000001 /* InsideOutApp.swift */,
			);
			path = App;
			sourceTree = "<group>";
		};
		D10000000000000000000003 /* Models */ = {
			isa = PBXGroup;
			children = (
				B10000000000000000000002 /* EventAnalysis.swift */,
				B10000000000000000000013 /* FigureState.swift */,
			);
			path = Models;
			sourceTree = "<group>";
		};
		D10000000000000000000004 /* Services */ = {
			isa = PBXGroup;
			children = (
				B10000000000000000000003 /* EventInterpreter.swift */,
			);
			path = Services;
			sourceTree = "<group>";
		};
		D10000000000000000000005 /* Features */ = {
			isa = PBXGroup;
			children = (
				D10000000000000000000007 /* Journal */,
			);
			path = Features;
			sourceTree = "<group>";
		};
		D10000000000000000000006 /* Products */ = {
			isa = PBXGroup;
			children = (
				B10000000000000000000000 /* InsideOutApp.app */,
			);
			name = Products;
			sourceTree = "<group>";
		};
		D10000000000000000000007 /* Journal */ = {
			isa = PBXGroup;
			children = (
				B10000000000000000000006 /* Theme.swift */,
				B10000000000000000000007 /* FigureView.swift */,
				B10000000000000000000008 /* JournalViewModel.swift */,
				B10000000000000000000009 /* JournalView.swift */,
				B10000000000000000000010 /* ResultOverlay.swift */,
				B10000000000000000000011 /* FiguresScreen.swift */,
				B10000000000000000000012 /* MemoriesScreen.swift */,
			);
			path = Journal;
			sourceTree = "<group>";
		};
/* End PBXGroup section */

/* Begin PBXNativeTarget section */
		E10000000000000000000001 /* InsideOutApp */ = {
			isa = PBXNativeTarget;
			buildConfigurationList = F10000000000000000000002 /* Build configuration list for PBXNativeTarget "InsideOutApp" */;
			buildPhases = (
				C10000000000000000000002 /* Sources */,
				C10000000000000000000001 /* Frameworks */,
				C10000000000000000000003 /* Resources */,
			);
			buildRules = (
			);
			dependencies = (
			);
			name = InsideOutApp;
			productName = InsideOutApp;
			productReference = B10000000000000000000000 /* InsideOutApp.app */;
			productType = "com.apple.product-type.application";
		};
/* End PBXNativeTarget section */

/* Begin PBXProject section */
		E10000000000000000000000 /* Project object */ = {
			isa = PBXProject;
			attributes = {
				BuildIndependentTargetsInParallel = 1;
				LastSwiftUpdateCheck = 2600;
				LastUpgradeCheck = 2600;
				TargetAttributes = {
					E10000000000000000000001 = {
						CreatedOnToolsVersion = 26.0;
					};
				};
			};
			buildConfigurationList = F10000000000000000000001 /* Build configuration list for PBXProject "InsideOutApp" */;
			compatibilityVersion = "Xcode 14.0";
			developmentRegion = en;
			hasScannedForEncodings = 0;
			knownRegions = (
				en,
				Base,
			);
			mainGroup = D10000000000000000000000;
			productRefGroup = D10000000000000000000006 /* Products */;
			projectDirPath = "";
			projectRoot = "";
			targets = (
				E10000000000000000000001 /* InsideOutApp */,
			);
		};
/* End PBXProject section */

/* Begin PBXResourcesBuildPhase section */
		C10000000000000000000003 /* Resources */ = {
			isa = PBXResourcesBuildPhase;
			buildActionMask = 2147483647;
			files = (
			);
			runOnlyForDeploymentPostprocessing = 0;
		};
/* End PBXResourcesBuildPhase section */

/* Begin PBXSourcesBuildPhase section */
		C10000000000000000000002 /* Sources */ = {
			isa = PBXSourcesBuildPhase;
			buildActionMask = 2147483647;
			files = (
				A10000000000000000000001 /* InsideOutApp.swift in Sources */,
				A10000000000000000000002 /* EventAnalysis.swift in Sources */,
				A10000000000000000000003 /* EventInterpreter.swift in Sources */,
				A10000000000000000000006 /* Theme.swift in Sources */,
				A10000000000000000000007 /* FigureView.swift in Sources */,
				A10000000000000000000008 /* JournalViewModel.swift in Sources */,
				A10000000000000000000009 /* JournalView.swift in Sources */,
				A10000000000000000000010 /* ResultOverlay.swift in Sources */,
				A10000000000000000000011 /* FiguresScreen.swift in Sources */,
				A10000000000000000000012 /* MemoriesScreen.swift in Sources */,
				A10000000000000000000013 /* FigureState.swift in Sources */,
			);
			runOnlyForDeploymentPostprocessing = 0;
		};
/* End PBXSourcesBuildPhase section */

/* Begin XCBuildConfiguration section */
		F10000000000000000000003 /* Debug */ = {
			isa = XCBuildConfiguration;
			buildSettings = {
				ALWAYS_SEARCH_USER_PATHS = NO;
				CLANG_ENABLE_MODULES = YES;
				CLANG_ENABLE_OBJC_ARC = YES;
				COPY_PHASE_STRIP = NO;
				DEBUG_INFORMATION_FORMAT = dwarf;
				ENABLE_TESTABILITY = YES;
				GCC_C_LANGUAGE_STANDARD = gnu17;
				GCC_OPTIMIZATION_LEVEL = 0;
				IPHONEOS_DEPLOYMENT_TARGET = 17.0;
				ONLY_ACTIVE_ARCH = YES;
				SDKROOT = iphoneos;
				SWIFT_ACTIVE_COMPILATION_CONDITIONS = "DEBUG $(inherited)";
				SWIFT_OPTIMIZATION_LEVEL = "-Onone";
			};
			name = Debug;
		};
		F10000000000000000000004 /* Release */ = {
			isa = XCBuildConfiguration;
			buildSettings = {
				ALWAYS_SEARCH_USER_PATHS = NO;
				CLANG_ENABLE_MODULES = YES;
				CLANG_ENABLE_OBJC_ARC = YES;
				COPY_PHASE_STRIP = YES;
				DEBUG_INFORMATION_FORMAT = "dwarf-with-dsym";
				ENABLE_NS_ASSERTIONS = NO;
				GCC_C_LANGUAGE_STANDARD = gnu17;
				IPHONEOS_DEPLOYMENT_TARGET = 17.0;
				SDKROOT = iphoneos;
				SWIFT_COMPILATION_MODE = wholemodule;
			};
			name = Release;
		};
		F10000000000000000000005 /* Debug */ = {
			isa = XCBuildConfiguration;
			buildSettings = {
				CODE_SIGN_STYLE = Automatic;
				CURRENT_PROJECT_VERSION = 1;
				DEVELOPMENT_TEAM = "";
				GENERATE_INFOPLIST_FILE = YES;
				INFOPLIST_KEY_CFBundleDisplayName = "Inside Out";
				INFOPLIST_KEY_UILaunchScreen_Generation = YES;
				IPHONEOS_DEPLOYMENT_TARGET = 17.0;
				MARKETING_VERSION = 0.1.0;
				PRODUCT_BUNDLE_IDENTIFIER = com.yourteam.InsideOutMVP;
				PRODUCT_NAME = "$(TARGET_NAME)";
				SWIFT_EMIT_LOC_STRINGS = YES;
				SWIFT_VERSION = 5.0;
				TARGETED_DEVICE_FAMILY = 1;
			};
			name = Debug;
		};
		F10000000000000000000006 /* Release */ = {
			isa = XCBuildConfiguration;
			buildSettings = {
				CODE_SIGN_STYLE = Automatic;
				CURRENT_PROJECT_VERSION = 1;
				DEVELOPMENT_TEAM = "";
				GENERATE_INFOPLIST_FILE = YES;
				INFOPLIST_KEY_CFBundleDisplayName = "Inside Out";
				INFOPLIST_KEY_UILaunchScreen_Generation = YES;
				IPHONEOS_DEPLOYMENT_TARGET = 17.0;
				MARKETING_VERSION = 0.1.0;
				PRODUCT_BUNDLE_IDENTIFIER = com.yourteam.InsideOutMVP;
				PRODUCT_NAME = "$(TARGET_NAME)";
				SWIFT_EMIT_LOC_STRINGS = YES;
				SWIFT_VERSION = 5.0;
				TARGETED_DEVICE_FAMILY = 1;
			};
			name = Release;
		};
/* End XCBuildConfiguration section */

/* Begin XCConfigurationList section */
		F10000000000000000000001 /* Build configuration list for PBXProject "InsideOutApp" */ = {
			isa = XCConfigurationList;
			buildConfigurations = (
				F10000000000000000000003 /* Debug */,
				F10000000000000000000004 /* Release */,
			);
			defaultConfigurationIsVisible = 0;
			defaultConfigurationName = Release;
		};
		F10000000000000000000002 /* Build configuration list for PBXNativeTarget "InsideOutApp" */ = {
			isa = XCConfigurationList;
			buildConfigurations = (
				F10000000000000000000005 /* Debug */,
				F10000000000000000000006 /* Release */,
			);
			defaultConfigurationIsVisible = 0;
			defaultConfigurationName = Release;
		};
/* End XCConfigurationList section */
	};
	rootObject = E10000000000000000000000 /* Project object */;
}

